
Microsoft Visual Studio Solution File, Format Version 12.00
Project("{FAE04EC0-301F-11D3-BF4B-00C04F79EFBC}") = "Avalonia.NETCoreApp", "Avalonia.NETCoreApp\Avalonia.NETCoreApp.csproj", "{5F4DD607-19B7-4E3B-8317-4EBB968D2C93}"
EndProject
Global
	GlobalSection(SolutionConfigurationPlatforms) = preSolution
		Debug|Any CPU = Debug|Any CPU
		Release|Any CPU = Release|Any CPU
	EndGlobalSection
	GlobalSection(ProjectConfigurationPlatforms) = postSolution
		{5F4DD607-19B7-4E3B-8317-4EBB968D2C93}.Debug|Any CPU.ActiveCfg = Debug|Any CPU
		{5F4DD607-19B7-4E3B-8317-4EBB968D2C93}.Debug|Any CPU.Build.0 = Debug|Any CPU
		{5F4DD607-19B7-4E3B-8317-4EBB968D2C93}.Release|Any CPU.ActiveCfg = Release|Any CPU
		{5F4DD607-19B7-4E3B-8317-4EBB968D2C93}.Release|Any CPU.Build.0 = Release|Any CPU
	EndGlobalSection
EndGlobal
